
Microsoft Visual Studio Solution File, Format Version 12.00
# Visual Studio 15
VisualStudioVersion = 15.0.26430.15
MinimumVisualStudioVersion = 10.0.40219.1
Project("{FAE04EC0-301F-11D3-BF4B-00C04F79EFBC}") = "Store.Web", "Store.Web\Store.Web.csproj", "{B8E77C81-6967-420C-8290-6C17FD5BDC00}"
EndProject
Project("{FAE04EC0-301F-11D3-BF4B-00C04F79EFBC}") = "Store.Data", "Store.Data\Store.Data.csproj", "{C89AAA3B-5EEA-4D63-A09C-B7635C493FB8}"
EndProject
Project("{FAE04EC0-301F-11D3-BF4B-00C04F79EFBC}") = "Store.Data.Contracts", "Store.Data.Contracts\Store.Data.Contracts.csproj", "{C918EC41-5660-4F01-9E1A-914F4E75B7DE}"
EndProject
Project("{FAE04EC0-301F-11D3-BF4B-00C04F79EFBC}") = "Store.DataModel", "Store.Model\Store.DataModel.csproj", "{071A3712-6C1F-42AB-B288-DAC7A7EC1230}"
EndProject
Project("{2150E333-8FDC-42A3-9474-1A3956D46DE8}") = "1. Presentation Layer", "1. Presentation Layer", "{E97C5106-2E0E-4637-B98D-5EA7BC4C494B}"
EndProject
Project("{2150E333-8FDC-42A3-9474-1A3956D46DE8}") = "3. Service Layer", "3. Service Layer", "{9601E231-65FE-4E18-A326-D17A40687B8F}"
EndProject
Project("{2150E333-8FDC-42A3-9474-1A3956D46DE8}") = "4. Business Layer", "4. Business Layer", "{6F02F9DD-C418-43E9-96E9-854F8842CFFD}"
EndProject
Project("{2150E333-8FDC-42A3-9474-1A3956D46DE8}") = "5. Data Layer", "5. Data Layer", "{D25653D0-3B0F-4C23-A882-BA4790AA8D23}"
EndProject
Project("{2150E333-8FDC-42A3-9474-1A3956D46DE8}") = "Framework", "Framework", "{3D46D357-F6A2-43E9-805B-F15CE8161C05}"
EndProject
Project("{2150E333-8FDC-42A3-9474-1A3956D46DE8}") = "Solution Items", "Solution Items", "{45F76BF5-E26D-4678-B334-2042A98C6884}"
EndProject
Project("{FAE04EC0-301F-11D3-BF4B-00C04F79EFBC}") = "Store.DomainModel", "Store.DomainModel\Store.DomainModel.csproj", "{35683E2F-9B5E-41DF-853A-621A43872CFD}"
EndProject
Project("{FAE04EC0-301F-11D3-BF4B-00C04F79EFBC}") = "Store.Service", "Store.Service\Store.Service.csproj", "{191089C5-8A44-4AE7-9A22-4F42D4EF403B}"
EndProject
Project("{2150E333-8FDC-42A3-9474-1A3956D46DE8}") = "2. Hosting Layer", "2. Hosting Layer", "{28B0B0E5-8F47-453C-8F1A-3F0CD05D21A9}"
EndProject
Project("{FAE04EC0-301F-11D3-BF4B-00C04F79EFBC}") = "Store.WebApi", "Store.WebApi\Store.WebApi.csproj", "{C2CF2AE4-3DE2-4127-8F47-E2BF562460A4}"
EndProject
Project("{FAE04EC0-301F-11D3-BF4B-00C04F79EFBC}") = "Store.Web.Mvc.Client", "Store.Web.Mvc.Client\Store.Web.Mvc.Client.csproj", "{86426103-7441-42F6-A603-FDB0001BCBF3}"
EndProject
Project("{FAE04EC0-301F-11D3-BF4B-00C04F79EFBC}") = "Store.Web.Mvc.Client.Tests", "Store.Web.Mvc.Client.Tests\Store.Web.Mvc.Client.Tests.csproj", "{FBCA9E79-EF1F-423E-A49F-607872A142E1}"
EndProject
Global
	GlobalSection(SolutionConfigurationPlatforms) = preSolution
		Debug|Any CPU = Debug|Any CPU
		Release|Any CPU = Release|Any CPU
	EndGlobalSection
	GlobalSection(ProjectConfigurationPlatforms) = postSolution
		{B8E77C81-6967-420C-8290-6C17FD5BDC00}.Debug|Any CPU.ActiveCfg = Debug|Any CPU
		{B8E77C81-6967-420C-8290-6C17FD5BDC00}.Debug|Any CPU.Build.0 = Debug|Any CPU
		{B8E77C81-6967-420C-8290-6C17FD5BDC00}.Release|Any CPU.ActiveCfg = Release|Any CPU
		{B8E77C81-6967-420C-8290-6C17FD5BDC00}.Release|Any CPU.Build.0 = Release|Any CPU
		{C89AAA3B-5EEA-4D63-A09C-B7635C493FB8}.Debug|Any CPU.ActiveCfg = Debug|Any CPU
		{C89AAA3B-5EEA-4D63-A09C-B7635C493FB8}.Debug|Any CPU.Build.0 = Debug|Any CPU
		{C89AAA3B-5EEA-4D63-A09C-B7635C493FB8}.Release|Any CPU.ActiveCfg = Release|Any CPU
		{C89AAA3B-5EEA-4D63-A09C-B7635C493FB8}.Release|Any CPU.Build.0 = Release|Any CPU
		{C918EC41-5660-4F01-9E1A-914F4E75B7DE}.Debug|Any CPU.ActiveCfg = Debug|Any CPU
		{C918EC41-5660-4F01-9E1A-914F4E75B7DE}.Debug|Any CPU.Build.0 = Debug|Any CPU
		{C918EC41-5660-4F01-9E1A-914F4E75B7DE}.Release|Any CPU.ActiveCfg = Release|Any CPU
		{C918EC41-5660-4F01-9E1A-914F4E75B7DE}.Release|Any CPU.Build.0 = Release|Any CPU
		{071A3712-6C1F-42AB-B288-DAC7A7EC1230}.Debug|Any CPU.ActiveCfg = Debug|Any CPU
		{071A3712-6C1F-42AB-B288-DAC7A7EC1230}.Debug|Any CPU.Build.0 = Debug|Any CPU
		{071A3712-6C1F-42AB-B288-DAC7A7EC1230}.Release|Any CPU.ActiveCfg = Release|Any CPU
		{071A3712-6C1F-42AB-B288-DAC7A7EC1230}.Release|Any CPU.Build.0 = Release|Any CPU
		{35683E2F-9B5E-41DF-853A-621A43872CFD}.Debug|Any CPU.ActiveCfg = Debug|Any CPU
		{35683E2F-9B5E-41DF-853A-621A43872CFD}.Debug|Any CPU.Build.0 = Debug|Any CPU
		{35683E2F-9B5E-41DF-853A-621A43872CFD}.Release|Any CPU.ActiveCfg = Release|Any CPU
		{35683E2F-9B5E-41DF-853A-621A43872CFD}.Release|Any CPU.Build.0 = Release|Any CPU
		{191089C5-8A44-4AE7-9A22-4F42D4EF403B}.Debug|Any CPU.ActiveCfg = Debug|Any CPU
		{191089C5-8A44-4AE7-9A22-4F42D4EF403B}.Debug|Any CPU.Build.0 = Debug|Any CPU
		{191089C5-8A44-4AE7-9A22-4F42D4EF403B}.Release|Any CPU.ActiveCfg = Release|Any CPU
		{191089C5-8A44-4AE7-9A22-4F42D4EF403B}.Release|Any CPU.Build.0 = Release|Any CPU
		{C2CF2AE4-3DE2-4127-8F47-E2BF562460A4}.Debug|Any CPU.ActiveCfg = Debug|Any CPU
		{C2CF2AE4-3DE2-4127-8F47-E2BF562460A4}.Debug|Any CPU.Build.0 = Debug|Any CPU
		{C2CF2AE4-3DE2-4127-8F47-E2BF562460A4}.Release|Any CPU.ActiveCfg = Release|Any CPU
		{C2CF2AE4-3DE2-4127-8F47-E2BF562460A4}.Release|Any CPU.Build.0 = Release|Any CPU
		{86426103-7441-42F6-A603-FDB0001BCBF3}.Debug|Any CPU.ActiveCfg = Debug|Any CPU
		{86426103-7441-42F6-A603-FDB0001BCBF3}.Debug|Any CPU.Build.0 = Debug|Any CPU
		{86426103-7441-42F6-A603-FDB0001BCBF3}.Release|Any CPU.ActiveCfg = Release|Any CPU
		{86426103-7441-42F6-A603-FDB0001BCBF3}.Release|Any CPU.Build.0 = Release|Any CPU
		{FBCA9E79-EF1F-423E-A49F-607872A142E1}.Debug|Any CPU.ActiveCfg = Debug|Any CPU
		{FBCA9E79-EF1F-423E-A49F-607872A142E1}.Debug|Any CPU.Build.0 = Debug|Any CPU
		{FBCA9E79-EF1F-423E-A49F-607872A142E1}.Release|Any CPU.ActiveCfg = Release|Any CPU
		{FBCA9E79-EF1F-423E-A49F-607872A142E1}.Release|Any CPU.Build.0 = Release|Any CPU
	EndGlobalSection
	GlobalSection(SolutionProperties) = preSolution
		HideSolutionNode = FALSE
	EndGlobalSection
	GlobalSection(NestedProjects) = preSolution
		{B8E77C81-6967-420C-8290-6C17FD5BDC00} = {E97C5106-2E0E-4637-B98D-5EA7BC4C494B}
		{C89AAA3B-5EEA-4D63-A09C-B7635C493FB8} = {D25653D0-3B0F-4C23-A882-BA4790AA8D23}
		{C918EC41-5660-4F01-9E1A-914F4E75B7DE} = {D25653D0-3B0F-4C23-A882-BA4790AA8D23}
		{071A3712-6C1F-42AB-B288-DAC7A7EC1230} = {D25653D0-3B0F-4C23-A882-BA4790AA8D23}
		{35683E2F-9B5E-41DF-853A-621A43872CFD} = {6F02F9DD-C418-43E9-96E9-854F8842CFFD}
		{191089C5-8A44-4AE7-9A22-4F42D4EF403B} = {9601E231-65FE-4E18-A326-D17A40687B8F}
		{C2CF2AE4-3DE2-4127-8F47-E2BF562460A4} = {28B0B0E5-8F47-453C-8F1A-3F0CD05D21A9}
		{86426103-7441-42F6-A603-FDB0001BCBF3} = {E97C5106-2E0E-4637-B98D-5EA7BC4C494B}
		{FBCA9E79-EF1F-423E-A49F-607872A142E1} = {E97C5106-2E0E-4637-B98D-5EA7BC4C494B}
	EndGlobalSection
	GlobalSection(ExtensibilityGlobals) = postSolution
		LessCompiler = b8e77c81-6967-420c-8290-6c17fd5bdc00,86426103-7441-42f6-a603-fdb0001bcbf3
	EndGlobalSection
EndGlobal
